// !$*UTF8*$!
{
	archiveVersion = 1;
	classes = {
	};
	objectVersion = 55;
	objects = {

/* Begin PBXBuildFile section */
		6A3A8BFA28A274610051A1E9 /* Filemanager.swift in Sources */ = {isa = PBXBuildFile; fileRef = 6A3A8BF928A274610051A1E9 /* Filemanager.swift */; };
		BE68E1CC289F88A20054150C /* AppDelegate.swift in Sources */ = {isa = PBXBuildFile; fileRef = BE68E1CB289F88A20054150C /* AppDelegate.swift */; };
		BE68E1D0289F88A20054150C /* MainViewController.swift in Sources */ = {isa = PBXBuildFile; fileRef = BE68E1CF289F88A20054150C /* MainViewController.swift */; };
		BE68E1D5289F88A40054150C /* Assets.xcassets in Resources */ = {isa = PBXBuildFile; fileRef = BE68E1D4289F88A40054150C /* Assets.xcassets */; };
		BE68E201289FAA1B0054150C /* TabBarController.swift in Sources */ = {isa = PBXBuildFile; fileRef = BE68E200289FAA1B0054150C /* TabBarController.swift */; };
		BE68E203289FAAB50054150C /* TextViewController.swift in Sources */ = {isa = PBXBuildFile; fileRef = BE68E202289FAAB50054150C /* TextViewController.swift */; };
		BE68E205289FAAF90054150C /* InformationViewController.swift in Sources */ = {isa = PBXBuildFile; fileRef = BE68E204289FAAF90054150C /* InformationViewController.swift */; };
/* End PBXBuildFile section */

/* Begin PBXFileReference section */
		6A3A8BF928A274610051A1E9 /* Filemanager.swift */ = {isa = PBXFileReference; lastKnownFileType = sourcecode.swift; path = Filemanager.swift; sourceTree = "<group>"; };
		BE68E1C8289F88A20054150C /* МАГОМЕД НАГОЕВ - NOTEPAD MVC PATTERN - BUSINESS DELEGATE.app */ = {isa = PBXFileReference; explicitFileType = wrapper.application; includeInIndex = 0; path = "МАГОМЕД НАГОЕВ - NOTEPAD MVC PATTERN - BUSINESS DELEGATE.app"; sourceTree = BUILT_PRODUCTS_DIR; };
		BE68E1CB289F88A20054150C /* AppDelegate.swift */ = {isa = PBXFileReference; lastKnownFileType = sourcecode.swift; path = AppDelegate.swift; sourceTree = "<group>"; };
		BE68E1CF289F88A20054150C /* MainViewController.swift */ = {isa = PBXFileReference; lastKnownFileType = sourcecode.swift; path = MainViewController.swift; sourceTree = "<group>"; };
		BE68E1D4289F88A40054150C /* Assets.xcassets */ = {isa = PBXFileReference; lastKnownFileType = folder.assetcatalog; path = Assets.xcassets; sourceTree = "<group>"; };
		BE68E1D9289F88A40054150C /* Info.plist */ = {isa = PBXFileReference; lastKnownFileType = text.plist.xml; path = Info.plist; sourceTree = "<group>"; };
		BE68E200289FAA1B0054150C /* TabBarController.swift */ = {isa = PBXFileReference; lastKnownFileType = sourcecode.swift; path = TabBarController.swift; sourceTree = "<group>"; };
		BE68E202289FAAB50054150C /* TextViewController.swift */ = {isa = PBXFileReference; lastKnownFileType = sourcecode.swift; path = TextViewController.swift; sourceTree = "<group>"; };
		BE68E204289FAAF90054150C /* InformationViewController.swift */ = {isa = PBXFileReference; lastKnownFileType = sourcecode.swift; path = InformationViewController.swift; sourceTree = "<group>"; };
/* End PBXFileReference section */

/* Begin PBXFrameworksBuildPhase section */
		BE68E1C5289F88A20054150C /* Frameworks */ = {
			isa = PBXFrameworksBuildPhase;
			buildActionMask = 2147483647;
			files = (
			);
			runOnlyForDeploymentPostprocessing = 0;
		};
/* End PBXFrameworksBuildPhase section */

/* Begin PBXGroup section */
		BE68E1BF289F88A20054150C = {
			isa = PBXGroup;
			children = (
				BE68E1CA289F88A20054150C /* МАГОМЕД НАГОЕВ - NOTEPAD MVC PATTERN - BUSINESS DELEGATE */,
				BE68E1C9289F88A20054150C /* Products */,
			);
			sourceTree = "<group>";
		};
		BE68E1C9289F88A20054150C /* Products */ = {
			isa = PBXGroup;
			children = (
				BE68E1C8289F88A20054150C /* МАГОМЕД НАГОЕВ - NOTEPAD MVC PATTERN - BUSINESS DELEGATE.app */,
			);
			name = Products;
			sourceTree = "<group>";
		};
		BE68E1CA289F88A20054150C /* МАГОМЕД НАГОЕВ - NOTEPAD MVC PATTERN - BUSINESS DELEGATE */ = {
			isa = PBXGroup;
			children = (
				BE68E1CB289F88A20054150C /* AppDelegate.swift */,
				BE68E1CF289F88A20054150C /* MainViewController.swift */,
				BE68E202289FAAB50054150C /* TextViewController.swift */,
				6A3A8BF928A274610051A1E9 /* Filemanager.swift */,
				BE68E204289FAAF90054150C /* InformationViewController.swift */,
				BE68E200289FAA1B0054150C /* TabBarController.swift */,
				BE68E1DF289F93A50054150C /* Supporting files */,
				BE68E1D9289F88A40054150C /* Info.plist */,
			);
			path = "МАГОМЕД НАГОЕВ - NOTEPAD MVC PATTERN - BUSINESS DELEGATE";
			sourceTree = "<group>";
		};
		BE68E1DF289F93A50054150C /* Supporting files */ = {
			isa = PBXGroup;
			children = (
				BE68E1D4289F88A40054150C /* Assets.xcassets */,
			);
			path = "Supporting files";
			sourceTree = "<group>";
		};
/* End PBXGroup section */

/* Begin PBXNativeTarget section */
		BE68E1C7289F88A20054150C /* МАГОМЕД НАГОЕВ - NOTEPAD MVC PATTERN - BUSINESS DELEGATE */ = {
			isa = PBXNativeTarget;
			buildConfigurationList = BE68E1DC289F88A40054150C /* Build configuration list for PBXNativeTarget "МАГОМЕД НАГОЕВ - NOTEPAD MVC PATTERN - BUSINESS DELEGATE" */;
			buildPhases = (
				BE68E1C4289F88A20054150C /* Sources */,
				BE68E1C5289F88A20054150C /* Frameworks */,
				BE68E1C6289F88A20054150C /* Resources */,
			);
			buildRules = (
			);
			dependencies = (
			);
			name = "МАГОМЕД НАГОЕВ - NOTEPAD MVC PATTERN - BUSINESS DELEGATE";
			productName = "МАГОМЕД НАГОЕВ - NOTEPAD MVC PATTERN - BUSINESS DELEGATE";
			productReference = BE68E1C8289F88A20054150C /* МАГОМЕД НАГОЕВ - NOTEPAD MVC PATTERN - BUSINESS DELEGATE.app */;
			productType = "com.apple.product-type.application";
		};
/* End PBXNativeTarget section */

/* Begin PBXProject section */
		BE68E1C0289F88A20054150C /* Project object */ = {
			isa = PBXProject;
			attributes = {
				BuildIndependentTargetsInParallel = 1;
				LastSwiftUpdateCheck = 1340;
				LastUpgradeCheck = 1340;
				TargetAttributes = {
					BE68E1C7289F88A20054150C = {
						CreatedOnToolsVersion = 13.4.1;
					};
				};
			};
			buildConfigurationList = BE68E1C3289F88A20054150C /* Build configuration list for PBXProject "МАГОМЕД НАГОЕВ - NOTEPAD MVC PATTERN - BUSINESS DELEGATE" */;
			compatibilityVersion = "Xcode 13.0";
			developmentRegion = en;
			hasScannedForEncodings = 0;
			knownRegions = (
				en,
				Base,
			);
			mainGroup = BE68E1BF289F88A20054150C;
			productRefGroup = BE68E1C9289F88A20054150C /* Products */;
			projectDirPath = "";
			projectRoot = "";
			targets = (
				BE68E1C7289F88A20054150C /* МАГОМЕД НАГОЕВ - NOTEPAD MVC PATTERN - BUSINESS DELEGATE */,
			);
		};
/* End PBXProject section */

/* Begin PBXResourcesBuildPhase section */
		BE68E1C6289F88A20054150C /* Resources */ = {
			isa = PBXResourcesBuildPhase;
			buildActionMask = 2147483647;
			files = (
				BE68E1D5289F88A40054150C /* Assets.xcassets in Resources */,
			);
			runOnlyForDeploymentPostprocessing = 0;
		};
/* End PBXResourcesBuildPhase section */

/* Begin PBXSourcesBuildPhase section */
		BE68E1C4289F88A20054150C /* Sources */ = {
			isa = PBXSourcesBuildPhase;
			buildActionMask = 2147483647;
			files = (
				BE68E201289FAA1B0054150C /* TabBarController.swift in Sources */,
				BE68E1D0289F88A20054150C /* MainViewController.swift in Sources */,
				BE68E1CC289F88A20054150C /* AppDelegate.swift in Sources */,
				BE68E203289FAAB50054150C /* TextViewController.swift in Sources */,
				BE68E205289FAAF90054150C /* InformationViewController.swift in Sources */,
				6A3A8BFA28A274610051A1E9 /* Filemanager.swift in Sources */,
			);
			runOnlyForDeploymentPostprocessing = 0;
		};
/* End PBXSourcesBuildPhase section */

/* Begin XCBuildConfiguration section */
		BE68E1DA289F88A40054150C /* Debug */ = {
			isa = XCBuildConfiguration;
			buildSettings = {
				ALWAYS_SEARCH_USER_PATHS = NO;
				CLANG_ANALYZER_NONNULL = YES;
				CLANG_ANALYZER_NUMBER_OBJECT_CONVERSION = YES_AGGRESSIVE;
				CLANG_CXX_LANGUAGE_STANDARD = "gnu++17";
				CLANG_ENABLE_MODULES = YES;
				CLANG_ENABLE_OBJC_ARC = YES;
				CLANG_ENABLE_OBJC_WEAK = YES;
				CLANG_WARN_BLOCK_CAPTURE_AUTORELEASING = YES;
				CLANG_WARN_BOOL_CONVERSION = YES;
				CLANG_WARN_COMMA = YES;
				CLANG_WARN_CONSTANT_CONVERSION = YES;
				CLANG_WARN_DEPRECATED_OBJC_IMPLEMENTATIONS = YES;
				CLANG_WARN_DIRECT_OBJC_ISA_USAGE = YES_ERROR;
				CLANG_WARN_DOCUMENTATION_COMMENTS = YES;
				CLANG_WARN_EMPTY_BODY = YES;
				CLANG_WARN_ENUM_CONVERSION = YES;
				CLANG_WARN_INFINITE_RECURSION = YES;
				CLANG_WARN_INT_CONVERSION = YES;
				CLANG_WARN_NON_LITERAL_NULL_CONVERSION = YES;
				CLANG_WARN_OBJC_IMPLICIT_RETAIN_SELF = YES;
				CLANG_WARN_OBJC_LITERAL_CONVERSION = YES;
				CLANG_WARN_OBJC_ROOT_CLASS = YES_ERROR;
				CLANG_WARN_QUOTED_INCLUDE_IN_FRAMEWORK_HEADER = YES;
				CLANG_WARN_RANGE_LOOP_ANALYSIS = YES;
				CLANG_WARN_STRICT_PROTOTYPES = YES;
				CLANG_WARN_SUSPICIOUS_MOVE = YES;
				CLANG_WARN_UNGUARDED_AVAILABILITY = YES_AGGRESSIVE;
				CLANG_WARN_UNREACHABLE_CODE = YES;
				CLANG_WARN__DUPLICATE_METHOD_MATCH = YES;
				COPY_PHASE_STRIP = NO;
				DEBUG_INFORMATION_FORMAT = dwarf;
				ENABLE_STRICT_OBJC_MSGSEND = YES;
				ENABLE_TESTABILITY = YES;
				GCC_C_LANGUAGE_STANDARD = gnu11;
				GCC_DYNAMIC_NO_PIC = NO;
				GCC_NO_COMMON_BLOCKS = YES;
				GCC_OPTIMIZATION_LEVEL = 0;
				GCC_PREPROCESSOR_DEFINITIONS = (
					"DEBUG=1",
					"$(inherited)",
				);
				GCC_WARN_64_TO_32_BIT_CONVERSION = YES;
				GCC_WARN_ABOUT_RETURN_TYPE = YES_ERROR;
				GCC_WARN_UNDECLARED_SELECTOR = YES;
				GCC_WARN_UNINITIALIZED_AUTOS = YES_AGGRESSIVE;
				GCC_WARN_UNUSED_FUNCTION = YES;
				GCC_WARN_UNUSED_VARIABLE = YES;
				IPHONEOS_DEPLOYMENT_TARGET = 15.5;
				MTL_ENABLE_DEBUG_INFO = INCLUDE_SOURCE;
				MTL_FAST_MATH = YES;
				ONLY_ACTIVE_ARCH = YES;
				SDKROOT = iphoneos;
				SWIFT_ACTIVE_COMPILATION_CONDITIONS = DEBUG;
				SWIFT_OPTIMIZATION_LEVEL = "-Onone";
			};
			name = Debug;
		};
		BE68E1DB289F88A40054150C /* Release */ = {
			isa = XCBuildConfiguration;
			buildSettings = {
				ALWAYS_SEARCH_USER_PATHS = NO;
				CLANG_ANALYZER_NONNULL = YES;
				CLANG_ANALYZER_NUMBER_OBJECT_CONVERSION = YES_AGGRESSIVE;
				CLANG_CXX_LANGUAGE_STANDARD = "gnu++17";
				CLANG_ENABLE_MODULES = YES;
				CLANG_ENABLE_OBJC_ARC = YES;
				CLANG_ENABLE_OBJC_WEAK = YES;
				CLANG_WARN_BLOCK_CAPTURE_AUTORELEASING = YES;
				CLANG_WARN_BOOL_CONVERSION = YES;
				CLANG_WARN_COMMA = YES;
				CLANG_WARN_CONSTANT_CONVERSION = YES;
				CLANG_WARN_DEPRECATED_OBJC_IMPLEMENTATIONS = YES;
				CLANG_WARN_DIRECT_OBJC_ISA_USAGE = YES_ERROR;
				CLANG_WARN_DOCUMENTATION_COMMENTS = YES;
				CLANG_WARN_EMPTY_BODY = YES;
				CLANG_WARN_ENUM_CONVERSION = YES;
				CLANG_WARN_INFINITE_RECURSION = YES;
				CLANG_WARN_INT_CONVERSION = YES;
				CLANG_WARN_NON_LITERAL_NULL_CONVERSION = YES;
				CLANG_WARN_OBJC_IMPLICIT_RETAIN_SELF = YES;
				CLANG_WARN_OBJC_LITERAL_CONVERSION = YES;
				CLANG_WARN_OBJC_ROOT_CLASS = YES_ERROR;
				CLANG_WARN_QUOTED_INCLUDE_IN_FRAMEWORK_HEADER = YES;
				CLANG_WARN_RANGE_LOOP_ANALYSIS = YES;
				CLANG_WARN_STRICT_PROTOTYPES = YES;
				CLANG_WARN_SUSPICIOUS_MOVE = YES;
				CLANG_WARN_UNGUARDED_AVAILABILITY = YES_AGGRESSIVE;
				CLANG_WARN_UNREACHABLE_CODE = YES;
				CLANG_WARN__DUPLICATE_METHOD_MATCH = YES;
				COPY_PHASE_STRIP = NO;
				DEBUG_INFORMATION_FORMAT = "dwarf-with-dsym";
				ENABLE_NS_ASSERTIONS = NO;
				ENABLE_STRICT_OBJC_MSGSEND = YES;
				GCC_C_LANGUAGE_STANDARD = gnu11;
				GCC_NO_COMMON_BLOCKS = YES;
				GCC_WARN_64_TO_32_BIT_CONVERSION = YES;
				GCC_WARN_ABOUT_RETURN_TYPE = YES_ERROR;
				GCC_WARN_UNDECLARED_SELECTOR = YES;
				GCC_WARN_UNINITIALIZED_AUTOS = YES_AGGRESSIVE;
				GCC_WARN_UNUSED_FUNCTION = YES;
				GCC_WARN_UNUSED_VARIABLE = YES;
				IPHONEOS_DEPLOYMENT_TARGET = 15.5;
				MTL_ENABLE_DEBUG_INFO = NO;
				MTL_FAST_MATH = YES;
				SDKROOT = iphoneos;
				SWIFT_COMPILATION_MODE = wholemodule;
				SWIFT_OPTIMIZATION_LEVEL = "-O";
				VALIDATE_PRODUCT = YES;
			};
			name = Release;
		};
		BE68E1DD289F88A40054150C /* Debug */ = {
			isa = XCBuildConfiguration;
			buildSettings = {
				ASSETCATALOG_COMPILER_APPICON_NAME = AppIcon;
				ASSETCATALOG_COMPILER_GLOBAL_ACCENT_COLOR_NAME = AccentColor;
				CODE_SIGN_STYLE = Automatic;
				CURRENT_PROJECT_VERSION = 1;
				GENERATE_INFOPLIST_FILE = YES;
				INFOPLIST_FILE = "МАГОМЕД НАГОЕВ - NOTEPAD MVC PATTERN - BUSINESS DELEGATE/Info.plist";
				INFOPLIST_KEY_UIApplicationSupportsIndirectInputEvents = YES;
				INFOPLIST_KEY_UILaunchStoryboardName = LaunchScreen;
				INFOPLIST_KEY_UISupportedInterfaceOrientations = UIInterfaceOrientationPortrait;
				INFOPLIST_KEY_UISupportedInterfaceOrientations_iPad = "UIInterfaceOrientationPortrait UIInterfaceOrientationPortraitUpsideDown UIInterfaceOrientationLandscapeLeft UIInterfaceOrientationLandscapeRight";
				INFOPLIST_KEY_UISupportedInterfaceOrientations_iPhone = "UIInterfaceOrientationPortrait UIInterfaceOrientationLandscapeLeft UIInterfaceOrientationLandscapeRight";
				LD_RUNPATH_SEARCH_PATHS = (
					"$(inherited)",
					"@executable_path/Frameworks",
				);
				MARKETING_VERSION = 1.0;
				PRODUCT_BUNDLE_IDENTIFIER = "Business-Delegate.-----------------NOTEPAD-MVC-PATTERN---BUSINESS-DELEGATE";
				PRODUCT_NAME = "$(TARGET_NAME)";
				SWIFT_EMIT_LOC_STRINGS = YES;
				SWIFT_VERSION = 5.0;
				TARGETED_DEVICE_FAMILY = 1;
			};
			name = Debug;
		};
		BE68E1DE289F88A40054150C /* Release */ = {
			isa = XCBuildConfiguration;
			buildSettings = {
				ASSETCATALOG_COMPILER_APPICON_NAME = AppIcon;
				ASSETCATALOG_COMPILER_GLOBAL_ACCENT_COLOR_NAME = AccentColor;
				CODE_SIGN_STYLE = Automatic;
				CURRENT_PROJECT_VERSION = 1;
				GENERATE_INFOPLIST_FILE = YES;
				INFOPLIST_FILE = "МАГОМЕД НАГОЕВ - NOTEPAD MVC PATTERN - BUSINESS DELEGATE/Info.plist";
				INFOPLIST_KEY_UIApplicationSupportsIndirectInputEvents = YES;
				INFOPLIST_KEY_UILaunchStoryboardName = LaunchScreen;
				INFOPLIST_KEY_UISupportedInterfaceOrientations = UIInterfaceOrientationPortrait;
				INFOPLIST_KEY_UISupportedInterfaceOrientations_iPad = "UIInterfaceOrientationPortrait UIInterfaceOrientationPortraitUpsideDown UIInterfaceOrientationLandscapeLeft UIInterfaceOrientationLandscapeRight";
				INFOPLIST_KEY_UISupportedInterfaceOrientations_iPhone = "UIInterfaceOrientationPortrait UIInterfaceOrientationLandscapeLeft UIInterfaceOrientationLandscapeRight";
				LD_RUNPATH_SEARCH_PATHS = (
					"$(inherited)",
					"@executable_path/Frameworks",
				);
				MARKETING_VERSION = 1.0;
				PRODUCT_BUNDLE_IDENTIFIER = "Business-Delegate.-----------------NOTEPAD-MVC-PATTERN---BUSINESS-DELEGATE";
				PRODUCT_NAME = "$(TARGET_NAME)";
				SWIFT_EMIT_LOC_STRINGS = YES;
				SWIFT_VERSION = 5.0;
				TARGETED_DEVICE_FAMILY = 1;
			};
			name = Release;
		};
/* End XCBuildConfiguration section */

/* Begin XCConfigurationList section */
		BE68E1C3289F88A20054150C /* Build configuration list for PBXProject "МАГОМЕД НАГОЕВ - NOTEPAD MVC PATTERN - BUSINESS DELEGATE" */ = {
			isa = XCConfigurationList;
			buildConfigurations = (
				BE68E1DA289F88A40054150C /* Debug */,
				BE68E1DB289F88A40054150C /* Release */,
			);
			defaultConfigurationIsVisible = 0;
			defaultConfigurationName = Release;
		};
		BE68E1DC289F88A40054150C /* Build configuration list for PBXNativeTarget "МАГОМЕД НАГОЕВ - NOTEPAD MVC PATTERN - BUSINESS DELEGATE" */ = {
			isa = XCConfigurationList;
			buildConfigurations = (
				BE68E1DD289F88A40054150C /* Debug */,
				BE68E1DE289F88A40054150C /* Release */,
			);
			defaultConfigurationIsVisible = 0;
			defaultConfigurationName = Release;
		};
/* End XCConfigurationList section */
	};
	rootObject = BE68E1C0289F88A20054150C /* Project object */;
}
