// !$*UTF8*$!
{
	archiveVersion = 1;
	classes = {
	};
	objectVersion = 55;
	objects = {

/* Begin PBXBuildFile section */
		6A00550728A28902009C7393 /* LineReader.swift in Sources */ = {isa = PBXBuildFile; fileRef = 6A00550628A28902009C7393 /* LineReader.swift */; };
		6A3A8BFA28A274610051A1E9 /* Filemanager.swift in Sources */ = {isa = PBXBuildFile; fileRef = 6A3A8BF928A274610051A1E9 /* Filemanager.swift */; };
		93B8FEAD28AAC16000C311EB /* CastomTableViewCell.swift in Sources */ = {isa = PBXBuildFile; fileRef = 93B8FEAC28AAC16000C311EB /* CastomTableViewCell.swift */; };
		9A01113528A7D9E500D82488 /* MenuViewController.swift in Sources */ = {isa = PBXBuildFile; fileRef = 9A01113428A7D9E500D82488 /* MenuViewController.swift */; };
		BE68E1CC289F88A20054150C /* AppDelegate.swift in Sources */ = {isa = PBXBuildFile; fileRef = BE68E1CB289F88A20054150C /* AppDelegate.swift */; };
		BE68E1D5289F88A40054150C /* Assets.xcassets in Resources */ = {isa = PBXBuildFile; fileRef = BE68E1D4289F88A40054150C /* Assets.xcassets */; };
		BE68E205289FAAF90054150C /* InformationViewController.swift in Sources */ = {isa = PBXBuildFile; fileRef = BE68E204289FAAF90054150C /* InformationViewController.swift */; };
		BE7CAE9828A9445000741581 /* Router.swift in Sources */ = {isa = PBXBuildFile; fileRef = BE7CAE9728A9445000741581 /* Router.swift */; };
		BE7CAE9E28A9847300741581 /* Alerts in Resources */ = {isa = PBXBuildFile; fileRef = BE7CAE9D28A9847300741581 /* Alerts */; };
		BE9F18D828AC1B540030DD42 /* Memento.swift in Sources */ = {isa = PBXBuildFile; fileRef = BE9F18D728AC1B540030DD42 /* Memento.swift */; };
		BECA334428A7CDFF00011F92 /* TextViewer+Ext.swift in Sources */ = {isa = PBXBuildFile; fileRef = BECA334328A7CDFF00011F92 /* TextViewer+Ext.swift */; };
		BECA334628A7D5E000011F92 /* LaunchView.swift in Sources */ = {isa = PBXBuildFile; fileRef = BECA334528A7D5E000011F92 /* LaunchView.swift */; };
		BECA334828A7DE9400011F92 /* UINavigationController+Ext.swift in Sources */ = {isa = PBXBuildFile; fileRef = BECA334728A7DE9400011F92 /* UINavigationController+Ext.swift */; };
		BEEB1F4C28A417FB0072DFA5 /* TextViewer.swift in Sources */ = {isa = PBXBuildFile; fileRef = BEEB1F4A28A417FB0072DFA5 /* TextViewer.swift */; };
		BEEB1F4D28A417FB0072DFA5 /* TextController.swift in Sources */ = {isa = PBXBuildFile; fileRef = BEEB1F4B28A417FB0072DFA5 /* TextController.swift */; };
		BEEB1F5028A41DD50072DFA5 /* TextDocument.swift in Sources */ = {isa = PBXBuildFile; fileRef = BEEB1F4F28A41DD50072DFA5 /* TextDocument.swift */; };
		BEEB1F5228A571440072DFA5 /* NotePadToolBar.swift in Sources */ = {isa = PBXBuildFile; fileRef = BEEB1F5128A571440072DFA5 /* NotePadToolBar.swift */; };
/* End PBXBuildFile section */

/* Begin PBXFileReference section */
		6A00550628A28902009C7393 /* LineReader.swift */ = {isa = PBXFileReference; lastKnownFileType = sourcecode.swift; path = LineReader.swift; sourceTree = "<group>"; };
		6A3A8BF928A274610051A1E9 /* Filemanager.swift */ = {isa = PBXFileReference; lastKnownFileType = sourcecode.swift; path = Filemanager.swift; sourceTree = "<group>"; };
		93B8FEAC28AAC16000C311EB /* CastomTableViewCell.swift */ = {isa = PBXFileReference; lastKnownFileType = sourcecode.swift; path = CastomTableViewCell.swift; sourceTree = "<group>"; };
		9A01113428A7D9E500D82488 /* MenuViewController.swift */ = {isa = PBXFileReference; lastKnownFileType = sourcecode.swift; path = MenuViewController.swift; sourceTree = "<group>"; };
		BE68E1C8289F88A20054150C /* МАГОМЕД НАГОЕВ - NOTEPAD MVC PATTERN - BUSINESS DELEGATE.app */ = {isa = PBXFileReference; explicitFileType = wrapper.application; includeInIndex = 0; path = "МАГОМЕД НАГОЕВ - NOTEPAD MVC PATTERN - BUSINESS DELEGATE.app"; sourceTree = BUILT_PRODUCTS_DIR; };
		BE68E1CB289F88A20054150C /* AppDelegate.swift */ = {isa = PBXFileReference; lastKnownFileType = sourcecode.swift; path = AppDelegate.swift; sourceTree = "<group>"; };
		BE68E1D4289F88A40054150C /* Assets.xcassets */ = {isa = PBXFileReference; lastKnownFileType = folder.assetcatalog; path = Assets.xcassets; sourceTree = "<group>"; };
		BE68E1D9289F88A40054150C /* Info.plist */ = {isa = PBXFileReference; lastKnownFileType = text.plist.xml; path = Info.plist; sourceTree = "<group>"; };
		BE68E204289FAAF90054150C /* InformationViewController.swift */ = {isa = PBXFileReference; lastKnownFileType = sourcecode.swift; path = InformationViewController.swift; sourceTree = "<group>"; };
		BE7CAE9728A9445000741581 /* Router.swift */ = {isa = PBXFileReference; lastKnownFileType = sourcecode.swift; path = Router.swift; sourceTree = "<group>"; };
		BE7CAE9D28A9847300741581 /* Alerts */ = {isa = PBXFileReference; lastKnownFileType = folder; path = Alerts; sourceTree = "<group>"; };
		BE9F18D728AC1B540030DD42 /* Memento.swift */ = {isa = PBXFileReference; lastKnownFileType = sourcecode.swift; path = Memento.swift; sourceTree = "<group>"; };
		BECA334328A7CDFF00011F92 /* TextViewer+Ext.swift */ = {isa = PBXFileReference; fileEncoding = 4; lastKnownFileType = sourcecode.swift; path = "TextViewer+Ext.swift"; sourceTree = "<group>"; };
		BECA334528A7D5E000011F92 /* LaunchView.swift */ = {isa = PBXFileReference; lastKnownFileType = sourcecode.swift; path = LaunchView.swift; sourceTree = "<group>"; };
		BECA334728A7DE9400011F92 /* UINavigationController+Ext.swift */ = {isa = PBXFileReference; lastKnownFileType = sourcecode.swift; path = "UINavigationController+Ext.swift"; sourceTree = "<group>"; };
		BEEB1F4A28A417FB0072DFA5 /* TextViewer.swift */ = {isa = PBXFileReference; fileEncoding = 4; lastKnownFileType = sourcecode.swift; path = TextViewer.swift; sourceTree = "<group>"; };
		BEEB1F4B28A417FB0072DFA5 /* TextController.swift */ = {isa = PBXFileReference; fileEncoding = 4; lastKnownFileType = sourcecode.swift; path = TextController.swift; sourceTree = "<group>"; };
		BEEB1F4F28A41DD50072DFA5 /* TextDocument.swift */ = {isa = PBXFileReference; lastKnownFileType = sourcecode.swift; path = TextDocument.swift; sourceTree = "<group>"; };
		BEEB1F5128A571440072DFA5 /* NotePadToolBar.swift */ = {isa = PBXFileReference; lastKnownFileType = sourcecode.swift; path = NotePadToolBar.swift; sourceTree = "<group>"; };
/* End PBXFileReference section */

/* Begin PBXFrameworksBuildPhase section */
		BE68E1C5289F88A20054150C /* Frameworks */ = {
			isa = PBXFrameworksBuildPhase;
			buildActionMask = 2147483647;
			files = (
			);
			runOnlyForDeploymentPostprocessing = 0;
		};
/* End PBXFrameworksBuildPhase section */

/* Begin PBXGroup section */
		6A00550828A28C63009C7393 /* Filemanager */ = {
			isa = PBXGroup;
			children = (
				6A3A8BF928A274610051A1E9 /* Filemanager.swift */,
				6A00550628A28902009C7393 /* LineReader.swift */,
			);
			path = Filemanager;
			sourceTree = "<group>";
		};
		9AAD920728A92A770021C70D /* ContentMenu */ = {
			isa = PBXGroup;
			children = (
				9A01113428A7D9E500D82488 /* MenuViewController.swift */,
			);
			path = ContentMenu;
			sourceTree = "<group>";
		};
		9AAD920928A92AC00021C70D /* Cutstoms */ = {
			isa = PBXGroup;
			children = (
				BEEB1F5128A571440072DFA5 /* NotePadToolBar.swift */,
			);
			path = Cutstoms;
			sourceTree = "<group>";
		};
		BE68E1BF289F88A20054150C = {
			isa = PBXGroup;
			children = (
				BE68E1CA289F88A20054150C /* МАГОМЕД НАГОЕВ - NOTEPAD MVC PATTERN - BUSINESS DELEGATE */,
				BE68E1C9289F88A20054150C /* Products */,
			);
			sourceTree = "<group>";
		};
		BE68E1C9289F88A20054150C /* Products */ = {
			isa = PBXGroup;
			children = (
				BE68E1C8289F88A20054150C /* МАГОМЕД НАГОЕВ - NOTEPAD MVC PATTERN - BUSINESS DELEGATE.app */,
			);
			name = Products;
			sourceTree = "<group>";
		};
		BE68E1CA289F88A20054150C /* МАГОМЕД НАГОЕВ - NOTEPAD MVC PATTERN - BUSINESS DELEGATE */ = {
			isa = PBXGroup;
			children = (
				BE68E1CB289F88A20054150C /* AppDelegate.swift */,
				BECA334528A7D5E000011F92 /* LaunchView.swift */,
				BECA334728A7DE9400011F92 /* UINavigationController+Ext.swift */,
				BE7CAE9728A9445000741581 /* Router.swift */,
				BE9F18D728AC1B540030DD42 /* Memento.swift */,
				BE7CAE9D28A9847300741581 /* Alerts */,
				BEEB1F4E28A4180E0072DFA5 /* TextModel */,
				6A00550828A28C63009C7393 /* Filemanager */,
				9AAD920728A92A770021C70D /* ContentMenu */,
				9AAD920928A92AC00021C70D /* Cutstoms */,
				BE68E204289FAAF90054150C /* InformationViewController.swift */,
				93B8FEAC28AAC16000C311EB /* CastomTableViewCell.swift */,
				BE68E1DF289F93A50054150C /* Supporting files */,
				BE68E1D9289F88A40054150C /* Info.plist */,
			);
			path = "МАГОМЕД НАГОЕВ - NOTEPAD MVC PATTERN - BUSINESS DELEGATE";
			sourceTree = "<group>";
		};
		BE68E1DF289F93A50054150C /* Supporting files */ = {
			isa = PBXGroup;
			children = (
				BE68E1D4289F88A40054150C /* Assets.xcassets */,
			);
			path = "Supporting files";
			sourceTree = "<group>";
		};
		BEEB1F4E28A4180E0072DFA5 /* TextModel */ = {
			isa = PBXGroup;
			children = (
				BEEB1F4B28A417FB0072DFA5 /* TextController.swift */,
				BEEB1F4A28A417FB0072DFA5 /* TextViewer.swift */,
				BEEB1F4F28A41DD50072DFA5 /* TextDocument.swift */,
				BECA334328A7CDFF00011F92 /* TextViewer+Ext.swift */,
			);
			path = TextModel;
			sourceTree = "<group>";
		};
/* End PBXGroup section */

/* Begin PBXNativeTarget section */
		BE68E1C7289F88A20054150C /* МАГОМЕД НАГОЕВ - NOTEPAD MVC PATTERN - BUSINESS DELEGATE */ = {
			isa = PBXNativeTarget;
			buildConfigurationList = BE68E1DC289F88A40054150C /* Build configuration list for PBXNativeTarget "МАГОМЕД НАГОЕВ - NOTEPAD MVC PATTERN - BUSINESS DELEGATE" */;
			buildPhases = (
				BE68E1C4289F88A20054150C /* Sources */,
				BE68E1C5289F88A20054150C /* Frameworks */,
				BE68E1C6289F88A20054150C /* Resources */,
			);
			buildRules = (
			);
			dependencies = (
			);
			name = "МАГОМЕД НАГОЕВ - NOTEPAD MVC PATTERN - BUSINESS DELEGATE";
			productName = "МАГОМЕД НАГОЕВ - NOTEPAD MVC PATTERN - BUSINESS DELEGATE";
			productReference = BE68E1C8289F88A20054150C /* МАГОМЕД НАГОЕВ - NOTEPAD MVC PATTERN - BUSINESS DELEGATE.app */;
			productType = "com.apple.product-type.application";
		};
/* End PBXNativeTarget section */

/* Begin PBXProject section */
		BE68E1C0289F88A20054150C /* Project object */ = {
			isa = PBXProject;
			attributes = {
				BuildIndependentTargetsInParallel = 1;
				LastSwiftUpdateCheck = 1340;
				LastUpgradeCheck = 1340;
				TargetAttributes = {
					BE68E1C7289F88A20054150C = {
						CreatedOnToolsVersion = 13.4.1;
					};
				};
			};
			buildConfigurationList = BE68E1C3289F88A20054150C /* Build configuration list for PBXProject "МАГОМЕД НАГОЕВ - NOTEPAD MVC PATTERN - BUSINESS DELEGATE" */;
			compatibilityVersion = "Xcode 13.0";
			developmentRegion = en;
			hasScannedForEncodings = 0;
			knownRegions = (
				en,
				Base,
			);
			mainGroup = BE68E1BF289F88A20054150C;
			productRefGroup = BE68E1C9289F88A20054150C /* Products */;
			projectDirPath = "";
			projectRoot = "";
			targets = (
				BE68E1C7289F88A20054150C /* МАГОМЕД НАГОЕВ - NOTEPAD MVC PATTERN - BUSINESS DELEGATE */,
			);
		};
/* End PBXProject section */

/* Begin PBXResourcesBuildPhase section */
		BE68E1C6289F88A20054150C /* Resources */ = {
			isa = PBXResourcesBuildPhase;
			buildActionMask = 2147483647;
			files = (
				BE68E1D5289F88A40054150C /* Assets.xcassets in Resources */,
				BE7CAE9E28A9847300741581 /* Alerts in Resources */,
			);
			runOnlyForDeploymentPostprocessing = 0;
		};
/* End PBXResourcesBuildPhase section */

/* Begin PBXSourcesBuildPhase section */
		BE68E1C4289F88A20054150C /* Sources */ = {
			isa = PBXSourcesBuildPhase;
			buildActionMask = 2147483647;
			files = (
				BECA334428A7CDFF00011F92 /* TextViewer+Ext.swift in Sources */,
				BECA334628A7D5E000011F92 /* LaunchView.swift in Sources */,
				BEEB1F5228A571440072DFA5 /* NotePadToolBar.swift in Sources */,
				BEEB1F4C28A417FB0072DFA5 /* TextViewer.swift in Sources */,
				9A01113528A7D9E500D82488 /* MenuViewController.swift in Sources */,
				BE68E1CC289F88A20054150C /* AppDelegate.swift in Sources */,
				BE9F18D828AC1B540030DD42 /* Memento.swift in Sources */,
				6A00550728A28902009C7393 /* LineReader.swift in Sources */,
				BEEB1F4D28A417FB0072DFA5 /* TextController.swift in Sources */,
				BE68E205289FAAF90054150C /* InformationViewController.swift in Sources */,
				BECA334828A7DE9400011F92 /* UINavigationController+Ext.swift in Sources */,
				6A3A8BFA28A274610051A1E9 /* Filemanager.swift in Sources */,
				BEEB1F5028A41DD50072DFA5 /* TextDocument.swift in Sources */,
				93B8FEAD28AAC16000C311EB /* CastomTableViewCell.swift in Sources */,
				BE7CAE9828A9445000741581 /* Router.swift in Sources */,
			);
			runOnlyForDeploymentPostprocessing = 0;
		};
/* End PBXSourcesBuildPhase section */

/* Begin XCBuildConfiguration section */
		BE68E1DA289F88A40054150C /* Debug */ = {
			isa = XCBuildConfiguration;
			buildSettings = {
				ALWAYS_SEARCH_USER_PATHS = NO;
				CLANG_ANALYZER_NONNULL = YES;
				CLANG_ANALYZER_NUMBER_OBJECT_CONVERSION = YES_AGGRESSIVE;
				CLANG_CXX_LANGUAGE_STANDARD = "gnu++17";
				CLANG_ENABLE_MODULES = YES;
				CLANG_ENABLE_OBJC_ARC = YES;
				CLANG_ENABLE_OBJC_WEAK = YES;
				CLANG_WARN_BLOCK_CAPTURE_AUTORELEASING = YES;
				CLANG_WARN_BOOL_CONVERSION = YES;
				CLANG_WARN_COMMA = YES;
				CLANG_WARN_CONSTANT_CONVERSION = YES;
				CLANG_WARN_DEPRECATED_OBJC_IMPLEMENTATIONS = YES;
				CLANG_WARN_DIRECT_OBJC_ISA_USAGE = YES_ERROR;
				CLANG_WARN_DOCUMENTATION_COMMENTS = YES;
				CLANG_WARN_EMPTY_BODY = YES;
				CLANG_WARN_ENUM_CONVERSION = YES;
				CLANG_WARN_INFINITE_RECURSION = YES;
				CLANG_WARN_INT_CONVERSION = YES;
				CLANG_WARN_NON_LITERAL_NULL_CONVERSION = YES;
				CLANG_WARN_OBJC_IMPLICIT_RETAIN_SELF = YES;
				CLANG_WARN_OBJC_LITERAL_CONVERSION = YES;
				CLANG_WARN_OBJC_ROOT_CLASS = YES_ERROR;
				CLANG_WARN_QUOTED_INCLUDE_IN_FRAMEWORK_HEADER = YES;
				CLANG_WARN_RANGE_LOOP_ANALYSIS = YES;
				CLANG_WARN_STRICT_PROTOTYPES = YES;
				CLANG_WARN_SUSPICIOUS_MOVE = YES;
				CLANG_WARN_UNGUARDED_AVAILABILITY = YES_AGGRESSIVE;
				CLANG_WARN_UNREACHABLE_CODE = YES;
				CLANG_WARN__DUPLICATE_METHOD_MATCH = YES;
				COPY_PHASE_STRIP = NO;
				DEBUG_INFORMATION_FORMAT = dwarf;
				ENABLE_STRICT_OBJC_MSGSEND = YES;
				ENABLE_TESTABILITY = YES;
				GCC_C_LANGUAGE_STANDARD = gnu11;
				GCC_DYNAMIC_NO_PIC = NO;
				GCC_NO_COMMON_BLOCKS = YES;
				GCC_OPTIMIZATION_LEVEL = 0;
				GCC_PREPROCESSOR_DEFINITIONS = (
					"DEBUG=1",
					"$(inherited)",
				);
				GCC_WARN_64_TO_32_BIT_CONVERSION = YES;
				GCC_WARN_ABOUT_RETURN_TYPE = YES_ERROR;
				GCC_WARN_UNDECLARED_SELECTOR = YES;
				GCC_WARN_UNINITIALIZED_AUTOS = YES_AGGRESSIVE;
				GCC_WARN_UNUSED_FUNCTION = YES;
				GCC_WARN_UNUSED_VARIABLE = YES;
				IPHONEOS_DEPLOYMENT_TARGET = 14.0;
				MTL_ENABLE_DEBUG_INFO = INCLUDE_SOURCE;
				MTL_FAST_MATH = YES;
				ONLY_ACTIVE_ARCH = YES;
				SDKROOT = iphoneos;
				SWIFT_ACTIVE_COMPILATION_CONDITIONS = DEBUG;
				SWIFT_OPTIMIZATION_LEVEL = "-Onone";
			};
			name = Debug;
		};
		BE68E1DB289F88A40054150C /* Release */ = {
			isa = XCBuildConfiguration;
			buildSettings = {
				ALWAYS_SEARCH_USER_PATHS = NO;
				CLANG_ANALYZER_NONNULL = YES;
				CLANG_ANALYZER_NUMBER_OBJECT_CONVERSION = YES_AGGRESSIVE;
				CLANG_CXX_LANGUAGE_STANDARD = "gnu++17";
				CLANG_ENABLE_MODULES = YES;
				CLANG_ENABLE_OBJC_ARC = YES;
				CLANG_ENABLE_OBJC_WEAK = YES;
				CLANG_WARN_BLOCK_CAPTURE_AUTORELEASING = YES;
				CLANG_WARN_BOOL_CONVERSION = YES;
				CLANG_WARN_COMMA = YES;
				CLANG_WARN_CONSTANT_CONVERSION = YES;
				CLANG_WARN_DEPRECATED_OBJC_IMPLEMENTATIONS = YES;
				CLANG_WARN_DIRECT_OBJC_ISA_USAGE = YES_ERROR;
				CLANG_WARN_DOCUMENTATION_COMMENTS = YES;
				CLANG_WARN_EMPTY_BODY = YES;
				CLANG_WARN_ENUM_CONVERSION = YES;
				CLANG_WARN_INFINITE_RECURSION = YES;
				CLANG_WARN_INT_CONVERSION = YES;
				CLANG_WARN_NON_LITERAL_NULL_CONVERSION = YES;
				CLANG_WARN_OBJC_IMPLICIT_RETAIN_SELF = YES;
				CLANG_WARN_OBJC_LITERAL_CONVERSION = YES;
				CLANG_WARN_OBJC_ROOT_CLASS = YES_ERROR;
				CLANG_WARN_QUOTED_INCLUDE_IN_FRAMEWORK_HEADER = YES;
				CLANG_WARN_RANGE_LOOP_ANALYSIS = YES;
				CLANG_WARN_STRICT_PROTOTYPES = YES;
				CLANG_WARN_SUSPICIOUS_MOVE = YES;
				CLANG_WARN_UNGUARDED_AVAILABILITY = YES_AGGRESSIVE;
				CLANG_WARN_UNREACHABLE_CODE = YES;
				CLANG_WARN__DUPLICATE_METHOD_MATCH = YES;
				COPY_PHASE_STRIP = NO;
				DEBUG_INFORMATION_FORMAT = "dwarf-with-dsym";
				ENABLE_NS_ASSERTIONS = NO;
				ENABLE_STRICT_OBJC_MSGSEND = YES;
				GCC_C_LANGUAGE_STANDARD = gnu11;
				GCC_NO_COMMON_BLOCKS = YES;
				GCC_WARN_64_TO_32_BIT_CONVERSION = YES;
				GCC_WARN_ABOUT_RETURN_TYPE = YES_ERROR;
				GCC_WARN_UNDECLARED_SELECTOR = YES;
				GCC_WARN_UNINITIALIZED_AUTOS = YES_AGGRESSIVE;
				GCC_WARN_UNUSED_FUNCTION = YES;
				GCC_WARN_UNUSED_VARIABLE = YES;
				IPHONEOS_DEPLOYMENT_TARGET = 14.0;
				MTL_ENABLE_DEBUG_INFO = NO;
				MTL_FAST_MATH = YES;
				SDKROOT = iphoneos;
				SWIFT_COMPILATION_MODE = wholemodule;
				SWIFT_OPTIMIZATION_LEVEL = "-O";
				VALIDATE_PRODUCT = YES;
			};
			name = Release;
		};
		BE68E1DD289F88A40054150C /* Debug */ = {
			isa = XCBuildConfiguration;
			buildSettings = {
				ASSETCATALOG_COMPILER_APPICON_NAME = AppIcon;
				ASSETCATALOG_COMPILER_GLOBAL_ACCENT_COLOR_NAME = AccentColor;
				CODE_SIGN_STYLE = Automatic;
				CURRENT_PROJECT_VERSION = 1;
				GENERATE_INFOPLIST_FILE = YES;
				INFOPLIST_FILE = "МАГОМЕД НАГОЕВ - NOTEPAD MVC PATTERN - BUSINESS DELEGATE/Info.plist";
				INFOPLIST_KEY_UIApplicationSupportsIndirectInputEvents = YES;
				INFOPLIST_KEY_UILaunchStoryboardName = LaunchScreen;
				INFOPLIST_KEY_UISupportedInterfaceOrientations = UIInterfaceOrientationPortrait;
				INFOPLIST_KEY_UISupportedInterfaceOrientations_iPad = "UIInterfaceOrientationPortrait UIInterfaceOrientationPortraitUpsideDown UIInterfaceOrientationLandscapeLeft UIInterfaceOrientationLandscapeRight";
				INFOPLIST_KEY_UISupportedInterfaceOrientations_iPhone = "UIInterfaceOrientationPortrait UIInterfaceOrientationLandscapeLeft UIInterfaceOrientationLandscapeRight";
				IPHONEOS_DEPLOYMENT_TARGET = 14.0;
				LD_RUNPATH_SEARCH_PATHS = (
					"$(inherited)",
					"@executable_path/Frameworks",
				);
				MARKETING_VERSION = 1.0;
				PRODUCT_BUNDLE_IDENTIFIER = com.internlabs.notepad;
				PRODUCT_NAME = "$(TARGET_NAME)";
				SWIFT_EMIT_LOC_STRINGS = YES;
				SWIFT_VERSION = 5.0;
				TARGETED_DEVICE_FAMILY = 1;
			};
			name = Debug;
		};
		BE68E1DE289F88A40054150C /* Release */ = {
			isa = XCBuildConfiguration;
			buildSettings = {
				ASSETCATALOG_COMPILER_APPICON_NAME = AppIcon;
				ASSETCATALOG_COMPILER_GLOBAL_ACCENT_COLOR_NAME = AccentColor;
				CODE_SIGN_STYLE = Automatic;
				CURRENT_PROJECT_VERSION = 1;
				GENERATE_INFOPLIST_FILE = YES;
				INFOPLIST_FILE = "МАГОМЕД НАГОЕВ - NOTEPAD MVC PATTERN - BUSINESS DELEGATE/Info.plist";
				INFOPLIST_KEY_UIApplicationSupportsIndirectInputEvents = YES;
				INFOPLIST_KEY_UILaunchStoryboardName = LaunchScreen;
				INFOPLIST_KEY_UISupportedInterfaceOrientations = UIInterfaceOrientationPortrait;
				INFOPLIST_KEY_UISupportedInterfaceOrientations_iPad = "UIInterfaceOrientationPortrait UIInterfaceOrientationPortraitUpsideDown UIInterfaceOrientationLandscapeLeft UIInterfaceOrientationLandscapeRight";
				INFOPLIST_KEY_UISupportedInterfaceOrientations_iPhone = "UIInterfaceOrientationPortrait UIInterfaceOrientationLandscapeLeft UIInterfaceOrientationLandscapeRight";
				IPHONEOS_DEPLOYMENT_TARGET = 14.0;
				LD_RUNPATH_SEARCH_PATHS = (
					"$(inherited)",
					"@executable_path/Frameworks",
				);
				MARKETING_VERSION = 1.0;
				PRODUCT_BUNDLE_IDENTIFIER = com.internlabs.notepad;
				PRODUCT_NAME = "$(TARGET_NAME)";
				SWIFT_EMIT_LOC_STRINGS = YES;
				SWIFT_VERSION = 5.0;
				TARGETED_DEVICE_FAMILY = 1;
			};
			name = Release;
		};
/* End XCBuildConfiguration section */

/* Begin XCConfigurationList section */
		BE68E1C3289F88A20054150C /* Build configuration list for PBXProject "МАГОМЕД НАГОЕВ - NOTEPAD MVC PATTERN - BUSINESS DELEGATE" */ = {
			isa = XCConfigurationList;
			buildConfigurations = (
				BE68E1DA289F88A40054150C /* Debug */,
				BE68E1DB289F88A40054150C /* Release */,
			);
			defaultConfigurationIsVisible = 0;
			defaultConfigurationName = Release;
		};
		BE68E1DC289F88A40054150C /* Build configuration list for PBXNativeTarget "МАГОМЕД НАГОЕВ - NOTEPAD MVC PATTERN - BUSINESS DELEGATE" */ = {
			isa = XCConfigurationList;
			buildConfigurations = (
				BE68E1DD289F88A40054150C /* Debug */,
				BE68E1DE289F88A40054150C /* Release */,
			);
			defaultConfigurationIsVisible = 0;
			defaultConfigurationName = Release;
		};
/* End XCConfigurationList section */
	};
	rootObject = BE68E1C0289F88A20054150C /* Project object */;
}
